
Microsoft Visual Studio Solution File, Format Version 12.00
Project("{FAE04EC0-301F-11D3-BF4B-00C04F79EFBC}") = "OhDl_server", "OhDl_server\OhDl_server.csproj", "{47E29AC7-B988-4705-9C90-B90258061FEB}"
EndProject
Global
	GlobalSection(SolutionConfigurationPlatforms) = preSolution
		Debug|Any CPU = Debug|Any CPU
		Release|Any CPU = Release|Any CPU
	EndGlobalSection
	GlobalSection(ProjectConfigurationPlatforms) = postSolution
		{47E29AC7-B988-4705-9C90-B90258061FEB}.Debug|Any CPU.ActiveCfg = Debug|Any CPU
		{47E29AC7-B988-4705-9C90-B90258061FEB}.Debug|Any CPU.Build.0 = Debug|Any CPU
		{47E29AC7-B988-4705-9C90-B90258061FEB}.Release|Any CPU.ActiveCfg = Release|Any CPU
		{47E29AC7-B988-4705-9C90-B90258061FEB}.Release|Any CPU.Build.0 = Release|Any CPU
	EndGlobalSection
EndGlobal
